
Microsoft Visual Studio Solution File, Format Version 12.00
# Visual Studio Version 16
VisualStudioVersion = 16.0.31624.102
MinimumVisualStudioVersion = 10.0.40219.1
Project("{FAE04EC0-301F-11D3-BF4B-00C04F79EFBC}") = "wardyEx", "wardyEx\wardyEx.csproj", "{AE77E91F-4666-416A-9421-D343AAA776E4}"
EndProject
Global
	GlobalSection(SolutionConfigurationPlatforms) = preSolution
		Debug|Any CPU = Debug|Any CPU
		Release|Any CPU = Release|Any CPU
	EndGlobalSection
	GlobalSection(ProjectConfigurationPlatforms) = postSolution
		{AE77E91F-4666-416A-9421-D343AAA776E4}.Debug|Any CPU.ActiveCfg = Debug|Any CPU
		{AE77E91F-4666-416A-9421-D343AAA776E4}.Debug|Any CPU.Build.0 = Debug|Any CPU
		{AE77E91F-4666-416A-9421-D343AAA776E4}.Release|Any CPU.ActiveCfg = Release|Any CPU
		{AE77E91F-4666-416A-9421-D343AAA776E4}.Release|Any CPU.Build.0 = Release|Any CPU
	EndGlobalSection
	GlobalSection(SolutionProperties) = preSolution
		HideSolutionNode = FALSE
	EndGlobalSection
	GlobalSection(ExtensibilityGlobals) = postSolution
		SolutionGuid = {EAF3374B-7972-4154-9946-4CFA831351B2}
	EndGlobalSection
EndGlobal
