
Microsoft Visual Studio Solution File, Format Version 12.00
# Visual Studio Version 17
VisualStudioVersion = 17.1.32127.271
MinimumVisualStudioVersion = 10.0.40219.1
Project("{FAE04EC0-301F-11D3-BF4B-00C04F79EFBC}") = "KursUgktid", "KursUgktid\KursUgktid.csproj", "{9F37FD3E-B9CC-4E69-84B6-B44B374B5C6B}"
EndProject
Global
	GlobalSection(SolutionConfigurationPlatforms) = preSolution
		Debug|Any CPU = Debug|Any CPU
		Release|Any CPU = Release|Any CPU
	EndGlobalSection
	GlobalSection(ProjectConfigurationPlatforms) = postSolution
		{9F37FD3E-B9CC-4E69-84B6-B44B374B5C6B}.Debug|Any CPU.ActiveCfg = Debug|Any CPU
		{9F37FD3E-B9CC-4E69-84B6-B44B374B5C6B}.Debug|Any CPU.Build.0 = Debug|Any CPU
		{9F37FD3E-B9CC-4E69-84B6-B44B374B5C6B}.Release|Any CPU.ActiveCfg = Release|Any CPU
		{9F37FD3E-B9CC-4E69-84B6-B44B374B5C6B}.Release|Any CPU.Build.0 = Release|Any CPU
	EndGlobalSection
	GlobalSection(SolutionProperties) = preSolution
		HideSolutionNode = FALSE
	EndGlobalSection
	GlobalSection(ExtensibilityGlobals) = postSolution
		SolutionGuid = {401F2D69-E061-4F79-876A-1EEA8150A7AC}
	EndGlobalSection
EndGlobal
