
Microsoft Visual Studio Solution File, Format Version 12.00
# Visual Studio Version 16
VisualStudioVersion = 16.0.31005.135
MinimumVisualStudioVersion = 10.0.40219.1
Project("{FAE04EC0-301F-11D3-BF4B-00C04F79EFBC}") = "CsgoMarket", "CsgoMarket\CsgoMarket.csproj", "{2376A397-5DD6-4B2B-A095-E89121A1B50E}"
EndProject
Global
	GlobalSection(SolutionConfigurationPlatforms) = preSolution
		Debug|Any CPU = Debug|Any CPU
		Release|Any CPU = Release|Any CPU
	EndGlobalSection
	GlobalSection(ProjectConfigurationPlatforms) = postSolution
		{2376A397-5DD6-4B2B-A095-E89121A1B50E}.Debug|Any CPU.ActiveCfg = Debug|Any CPU
		{2376A397-5DD6-4B2B-A095-E89121A1B50E}.Debug|Any CPU.Build.0 = Debug|Any CPU
		{2376A397-5DD6-4B2B-A095-E89121A1B50E}.Release|Any CPU.ActiveCfg = Release|Any CPU
		{2376A397-5DD6-4B2B-A095-E89121A1B50E}.Release|Any CPU.Build.0 = Release|Any CPU
	EndGlobalSection
	GlobalSection(SolutionProperties) = preSolution
		HideSolutionNode = FALSE
	EndGlobalSection
	GlobalSection(ExtensibilityGlobals) = postSolution
		SolutionGuid = {05A22A64-3409-497E-979E-4C830462BAF3}
	EndGlobalSection
EndGlobal
